<?xml version="1.0" encoding="utf-8"?>
<Project ToolsVersion="4.0" xmlns="http://schemas.microsoft.com/developer/msbuild/2003">
  <ItemGroup>
    <Filter Include="numcfc">
      <UniqueIdentifier>{bc962268-c158-4b59-b24c-d17b7086bc7c}</UniqueIdentifier>
    </Filter>
    <Filter Include="messaging">
      <UniqueIdentifier>{1bb97251-1e36-4b9b-ba19-9d6087f3dd2e}</UniqueIdentifier>
    </Filter>
    <Filter Include="messaging\slaim">
      <UniqueIdentifier>{83a69a04-ac67-4dd9-b91d-26b95a82707e}</UniqueIdentifier>
    </Filter>
    <Filter Include="messaging\claim">
      <UniqueIdentifier>{a598ac7c-5d38-463d-ae44-2c99329acef2}</UniqueIdentifier>
    </Filter>
    <Filter Include="messaging\numrabw">
      <UniqueIdentifier>{8b1ebc53-15c3-4c84-a7a5-d28f0f5abe32}</UniqueIdentifier>
    </Filter>
    <Filter Include="messaging\numrabw\amqpcpp">
      <UniqueIdentifier>{8d7b9dc6-af25-40f4-8bef-2438ea0619fd}</UniqueIdentifier>
    </Filter>
    <Filter Include="messaging\numrabw\rabbitmq-c">
      <UniqueIdentifier>{e4b57b99-0685-4001-bd52-8b1ed799d973}</UniqueIdentifier>
    </Filter>
    <Filter Include="messaging\numrabw\rabbitmq-c\win32">
      <UniqueIdentifier>{6f069743-f03c-4211-a05b-6b5311cdace8}</UniqueIdentifier>
    </Filter>
  </ItemGroup>
  <ItemGroup>
    <ClCompile Include="numcfc\IdGenerator.cpp">
      <Filter>numcfc</Filter>
    </ClCompile>
    <ClCompile Include="numcfc\IniFile.cpp">
      <Filter>numcfc</Filter>
    </ClCompile>
    <ClCompile Include="numcfc\Logger.cpp">
      <Filter>numcfc</Filter>
    </ClCompile>
    <ClCompile Include="numcfc\Time.cpp">
      <Filter>numcfc</Filter>
    </ClCompile>
    <ClCompile Include="messaging\slaim\messaging.cpp">
      <Filter>messaging\slaim</Filter>
    </ClCompile>
    <ClCompile Include="messaging\claim\AttributeMessage.cpp">
      <Filter>messaging\claim</Filter>
    </ClCompile>
    <ClCompile Include="messaging\claim\MessageStreaming.cpp">
      <Filter>messaging\claim</Filter>
    </ClCompile>
    <ClCompile Include="messaging\claim\PostOffice.cpp">
      <Filter>messaging\claim</Filter>
    </ClCompile>
    <ClCompile Include="messaging\claim\PostOfficeInitializer.cpp">
      <Filter>messaging\claim</Filter>
    </ClCompile>
    <ClCompile Include="numcfc\ThreadRunner.cpp">
      <Filter>numcfc</Filter>
    </ClCompile>
    <ClCompile Include="messaging\numrabw\numrabw_postoffice.cpp">
      <Filter>messaging\numrabw</Filter>
    </ClCompile>
    <ClCompile Include="messaging\numrabw\crossguid\Guid.cpp">
      <Filter>messaging\numrabw</Filter>
    </ClCompile>
    <ClCompile Include="messaging\numrabw\amqpcpp\src\AMQP.cpp">
      <Filter>messaging\numrabw\amqpcpp</Filter>
    </ClCompile>
    <ClCompile Include="messaging\numrabw\amqpcpp\src\AMQPBase.cpp">
      <Filter>messaging\numrabw\amqpcpp</Filter>
    </ClCompile>
    <ClCompile Include="messaging\numrabw\amqpcpp\src\AMQPException.cpp">
      <Filter>messaging\numrabw\amqpcpp</Filter>
    </ClCompile>
    <ClCompile Include="messaging\numrabw\amqpcpp\src\AMQPExchange.cpp">
      <Filter>messaging\numrabw\amqpcpp</Filter>
    </ClCompile>
    <ClCompile Include="messaging\numrabw\amqpcpp\src\AMQPMessage.cpp">
      <Filter>messaging\numrabw\amqpcpp</Filter>
    </ClCompile>
    <ClCompile Include="messaging\numrabw\amqpcpp\src\AMQPQueue.cpp">
      <Filter>messaging\numrabw\amqpcpp</Filter>
    </ClCompile>
    <ClCompile Include="messaging\numrabw\rabbitmq-c\librabbitmq\amqp_api.c">
      <Filter>messaging\numrabw\rabbitmq-c</Filter>
    </ClCompile>
    <ClCompile Include="messaging\numrabw\rabbitmq-c\librabbitmq\amqp_connection.c">
      <Filter>messaging\numrabw\rabbitmq-c</Filter>
    </ClCompile>
    <ClCompile Include="messaging\numrabw\rabbitmq-c\librabbitmq\amqp_consumer.c">
      <Filter>messaging\numrabw\rabbitmq-c</Filter>
    </ClCompile>
    <ClCompile Include="messaging\numrabw\rabbitmq-c\librabbitmq\amqp_framing.c">
      <Filter>messaging\numrabw\rabbitmq-c</Filter>
    </ClCompile>
    <ClCompile Include="messaging\numrabw\rabbitmq-c\librabbitmq\amqp_hostcheck.c">
      <Filter>messaging\numrabw\rabbitmq-c</Filter>
    </ClCompile>
    <ClCompile Include="messaging\numrabw\rabbitmq-c\librabbitmq\amqp_mem.c">
      <Filter>messaging\numrabw\rabbitmq-c</Filter>
    </ClCompile>
    <ClCompile Include="messaging\numrabw\rabbitmq-c\librabbitmq\amqp_socket.c">
      <Filter>messaging\numrabw\rabbitmq-c</Filter>
    </ClCompile>
    <ClCompile Include="messaging\numrabw\rabbitmq-c\librabbitmq\amqp_table.c">
      <Filter>messaging\numrabw\rabbitmq-c</Filter>
    </ClCompile>
    <ClCompile Include="messaging\numrabw\rabbitmq-c\librabbitmq\amqp_tcp_socket.c">
      <Filter>messaging\numrabw\rabbitmq-c</Filter>
    </ClCompile>
    <ClCompile Include="messaging\numrabw\rabbitmq-c\librabbitmq\amqp_time.c">
      <Filter>messaging\numrabw\rabbitmq-c</Filter>
    </ClCompile>
    <ClCompile Include="messaging\numrabw\rabbitmq-c\librabbitmq\amqp_url.c">
      <Filter>messaging\numrabw\rabbitmq-c</Filter>
    </ClCompile>
    <ClCompile Include="messaging\numrabw\rabbitmq-c\librabbitmq\win32\threads.c">
      <Filter>messaging\numrabw\rabbitmq-c\win32</Filter>
    </ClCompile>
  </ItemGroup>
  <ItemGroup>
    <ClInclude Include="numcfc\IdGenerator.h">
      <Filter>numcfc</Filter>
    </ClInclude>
    <ClInclude Include="numcfc\IniFile.h">
      <Filter>numcfc</Filter>
    </ClInclude>
    <ClInclude Include="numcfc\Logger.h">
      <Filter>numcfc</Filter>
    </ClInclude>
    <ClInclude Include="numcfc\Time.h">
      <Filter>numcfc</Filter>
    </ClInclude>
    <ClInclude Include="messaging\slaim\buffer.h">
      <Filter>messaging\slaim</Filter>
    </ClInclude>
    <ClInclude Include="messaging\slaim\bufferitem.h">
      <Filter>messaging\slaim</Filter>
    </ClInclude>
    <ClInclude Include="messaging\slaim\errorlog.h">
      <Filter>messaging\slaim</Filter>
    </ClInclude>
    <ClInclude Include="messaging\slaim\message.h">
      <Filter>messaging\slaim</Filter>
    </ClInclude>
    <ClInclude Include="messaging\slaim\postoffice.h">
      <Filter>messaging\slaim</Filter>
    </ClInclude>
    <ClInclude Include="messaging\slaim\postoffice_extended.h">
      <Filter>messaging\slaim</Filter>
    </ClInclude>
    <ClInclude Include="messaging\claim\AttributeMessage.h">
      <Filter>messaging\claim</Filter>
    </ClInclude>
    <ClInclude Include="messaging\claim\MessageStreaming.h">
      <Filter>messaging\claim</Filter>
    </ClInclude>
    <ClInclude Include="messaging\claim\PostOffice.h">
      <Filter>messaging\claim</Filter>
    </ClInclude>
    <ClInclude Include="messaging\claim\PostOfficeInitializer.h">
      <Filter>messaging\claim</Filter>
    </ClInclude>
    <ClInclude Include="messaging\claim\ThroughputStatistics.h">
      <Filter>messaging\claim</Filter>
    </ClInclude>
    <ClInclude Include="numcfc\ThreadRunner.h">
      <Filter>numcfc</Filter>
    </ClInclude>
    <ClInclude Include="messaging\numrabw\numrabw_postoffice.h">
      <Filter>messaging\numrabw</Filter>
    </ClInclude>
    <ClInclude Include="messaging\numrabw\LimitedSizeBuffer.h">
      <Filter>messaging\numrabw</Filter>
    </ClInclude>
    <ClInclude Include="messaging\numrabw\amqpcpp\include\amqpcpp.h">
      <Filter>messaging\numrabw\amqpcpp</Filter>
    </ClInclude>
  </ItemGroup>
</Project>